
Microsoft Visual Studio Solution File, Format Version 12.00
# Visual Studio Version 17
VisualStudioVersion = 17.0.31912.275
MinimumVisualStudioVersion = 10.0.40219.1
Project("{FAE04EC0-301F-11D3-BF4B-00C04F79EFBC}") = "Tiefsee", "Tiefsee\Tiefsee.csproj", "{8E0F9802-A8BF-4E86-BBF2-85EEE719CA2D}"
EndProject
Global
	GlobalSection(SolutionConfigurationPlatforms) = preSolution
		Debug|Any CPU = Debug|Any CPU
		Release|Any CPU = Release|Any CPU
	EndGlobalSection
	GlobalSection(ProjectConfigurationPlatforms) = postSolution
		{8E0F9802-A8BF-4E86-BBF2-85EEE719CA2D}.Debug|Any CPU.ActiveCfg = Debug|Any CPU
		{8E0F9802-A8BF-4E86-BBF2-85EEE719CA2D}.Debug|Any CPU.Build.0 = Debug|Any CPU
		{8E0F9802-A8BF-4E86-BBF2-85EEE719CA2D}.Release|Any CPU.ActiveCfg = Release|Any CPU
		{8E0F9802-A8BF-4E86-BBF2-85EEE719CA2D}.Release|Any CPU.Build.0 = Release|Any CPU
	EndGlobalSection
	GlobalSection(SolutionProperties) = preSolution
		HideSolutionNode = FALSE
	EndGlobalSection
	GlobalSection(ExtensibilityGlobals) = postSolution
		SolutionGuid = {53EF9265-B086-4A35-A6EA-5E472EC06141}
	EndGlobalSection
EndGlobal
