
Microsoft Visual Studio Solution File, Format Version 12.00
# Visual Studio Version 17
VisualStudioVersion = 17.5.33414.496
MinimumVisualStudioVersion = 10.0.40219.1
Project("{9A19103F-16F7-4668-BE54-9A1E7A4F7556}") = "Tiefsee", "Tiefsee\Tiefsee.csproj", "{BC091E06-4906-4B69-8CBA-D1DA4998E8DB}"
EndProject
Project("{C7167F0D-BC9F-4E6E-AFE1-012C56B48DB5}") = "TiefseeAppPackager", "TiefseeAppPackager\TiefseeAppPackager.wapproj", "{8CE18D69-92D5-4FE1-9666-23E4C8DD9B61}"
	ProjectSection(ProjectDependencies) = postProject
		{BC091E06-4906-4B69-8CBA-D1DA4998E8DB} = {BC091E06-4906-4B69-8CBA-D1DA4998E8DB}
	EndProjectSection
EndProject
Project("{54A90642-561A-4BB1-A94E-469ADEE60C69}") = "Www", "Www\Www.esproj", "{9F81FCAE-DD1C-4D46-9EB4-208AA6C999F4}"
EndProject
Project("{9A19103F-16F7-4668-BE54-9A1E7A4F7556}") = "TiefseeLauncher", "TiefseeLauncher\TiefseeLauncher.csproj", "{DB9F5F64-024A-48B0-9F35-E7D689B3883B}"
EndProject
Project("{9A19103F-16F7-4668-BE54-9A1E7A4F7556}") = "BuildAll", "BuildAll\BuildAll.csproj", "{4BECA59E-706E-492E-A26D-A8B362A5F496}"
EndProject
Global
	GlobalSection(SolutionConfigurationPlatforms) = preSolution
		Debug|x64 = Debug|x64
		Release|x64 = Release|x64
	EndGlobalSection
	GlobalSection(ProjectConfigurationPlatforms) = postSolution
		{BC091E06-4906-4B69-8CBA-D1DA4998E8DB}.Debug|x64.ActiveCfg = Debug|x64
		{BC091E06-4906-4B69-8CBA-D1DA4998E8DB}.Debug|x64.Build.0 = Debug|x64
		{BC091E06-4906-4B69-8CBA-D1DA4998E8DB}.Release|x64.ActiveCfg = Release|x64
		{BC091E06-4906-4B69-8CBA-D1DA4998E8DB}.Release|x64.Build.0 = Release|x64
		{8CE18D69-92D5-4FE1-9666-23E4C8DD9B61}.Debug|x64.ActiveCfg = Debug|x64
		{8CE18D69-92D5-4FE1-9666-23E4C8DD9B61}.Debug|x64.Build.0 = Debug|x64
		{8CE18D69-92D5-4FE1-9666-23E4C8DD9B61}.Debug|x64.Deploy.0 = Debug|x64
		{8CE18D69-92D5-4FE1-9666-23E4C8DD9B61}.Release|x64.ActiveCfg = Release|x64
		{8CE18D69-92D5-4FE1-9666-23E4C8DD9B61}.Release|x64.Build.0 = Release|x64
		{8CE18D69-92D5-4FE1-9666-23E4C8DD9B61}.Release|x64.Deploy.0 = Release|x64
		{9F81FCAE-DD1C-4D46-9EB4-208AA6C999F4}.Debug|x64.ActiveCfg = Debug|x64
		{9F81FCAE-DD1C-4D46-9EB4-208AA6C999F4}.Release|x64.ActiveCfg = Debug|x64
		{DB9F5F64-024A-48B0-9F35-E7D689B3883B}.Debug|x64.ActiveCfg = Debug|x64
		{DB9F5F64-024A-48B0-9F35-E7D689B3883B}.Debug|x64.Build.0 = Debug|x64
		{DB9F5F64-024A-48B0-9F35-E7D689B3883B}.Release|x64.ActiveCfg = Release|x64
		{4BECA59E-706E-492E-A26D-A8B362A5F496}.Debug|x64.ActiveCfg = Debug|x64
		{4BECA59E-706E-492E-A26D-A8B362A5F496}.Release|x64.ActiveCfg = Release|x64
		{4BECA59E-706E-492E-A26D-A8B362A5F496}.Release|x64.Build.0 = Release|x64
	EndGlobalSection
	GlobalSection(SolutionProperties) = preSolution
		HideSolutionNode = FALSE
	EndGlobalSection
	GlobalSection(ExtensibilityGlobals) = postSolution
		SolutionGuid = {617C72A3-DC94-484E-92D5-CC992CA32DB7}
	EndGlobalSection
EndGlobal
